
Microsoft Visual Studio Solution File, Format Version 12.00
# Visual Studio Version 16
VisualStudioVersion = 16.0.29418.71
MinimumVisualStudioVersion = 10.0.40219.1
Project("{FAE04EC0-301F-11D3-BF4B-00C04F79EFBC}") = "OrdersMicroService", "OrdersMicroService\OrdersMicroService.csproj", "{EE313532-7BCC-43ED-9C22-95CFDE0EE82B}"
EndProject
Global
	GlobalSection(SolutionConfigurationPlatforms) = preSolution
		Debug|Any CPU = Debug|Any CPU
		Release|Any CPU = Release|Any CPU
	EndGlobalSection
	GlobalSection(ProjectConfigurationPlatforms) = postSolution
		{EE313532-7BCC-43ED-9C22-95CFDE0EE82B}.Debug|Any CPU.ActiveCfg = Debug|Any CPU
		{EE313532-7BCC-43ED-9C22-95CFDE0EE82B}.Debug|Any CPU.Build.0 = Debug|Any CPU
		{EE313532-7BCC-43ED-9C22-95CFDE0EE82B}.Release|Any CPU.ActiveCfg = Release|Any CPU
		{EE313532-7BCC-43ED-9C22-95CFDE0EE82B}.Release|Any CPU.Build.0 = Release|Any CPU
	EndGlobalSection
	GlobalSection(SolutionProperties) = preSolution
		HideSolutionNode = FALSE
	EndGlobalSection
	GlobalSection(ExtensibilityGlobals) = postSolution
		SolutionGuid = {959C538B-71F3-4473-85CE-A056890AEEF3}
	EndGlobalSection
EndGlobal
